{
  "lockfile_version": "1",
  "packages": {
    "direnv@latest": {
      "last_modified": "2024-12-03T12:40:06Z",
      "resolved": "github:NixOS/nixpkgs/566e53c2ad750c84f6d31f9ccb9d00f823165550#direnv",
      "source": "devbox-search",
      "version": "2.35.0",
      "systems": {
        "aarch64-darwin": {
          "outputs": [
            {
              "name": "out",
              "path": "/nix/store/r1hxmlsz24fq9hwwgxk1ki4lgcankc1r-direnv-2.35.0",
              "default": true
            }
          ],
          "store_path": "/nix/store/r1hxmlsz24fq9hwwgxk1ki4lgcankc1r-direnv-2.35.0"
        },
        "aarch64-linux": {
          "outputs": [
            {
              "name": "out",
              "path": "/nix/store/zil3mg3q4f2j28i531wz2j7xfrwc89gw-direnv-2.35.0",
              "default": true
            }
          ],
          "store_path": "/nix/store/zil3mg3q4f2j28i531wz2j7xfrwc89gw-direnv-2.35.0"
        },
        "x86_64-darwin": {
          "outputs": [
            {
              "name": "out",
              "path": "/nix/store/qyhj5v07m1ha8j8wfsisrq7xi34dqvvj-direnv-2.35.0",
              "default": true
            }
          ],
          "store_path": "/nix/store/qyhj5v07m1ha8j8wfsisrq7xi34dqvvj-direnv-2.35.0"
        },
        "x86_64-linux": {
          "outputs": [
            {
              "name": "out",
              "path": "/nix/store/irq2506ybbvsnpmb5gflcbg90390bmdg-direnv-2.35.0",
              "default": true
            }
          ],
          "store_path": "/nix/store/irq2506ybbvsnpmb5gflcbg90390bmdg-direnv-2.35.0"
        }
      }
    },
    "elixir@latest": {
      "last_modified": "2024-11-28T07:51:56Z",
      "resolved": "github:NixOS/nixpkgs/226216574ada4c3ecefcbbec41f39ce4655f78ef#elixir",
      "source": "devbox-search",
      "version": "1.17.3",
      "systems": {
        "aarch64-darwin": {
          "outputs": [
            {
              "name": "out",
              "path": "/nix/store/91w79z55qsjkhnbs3a21l3h27va98mf6-elixir-1.17.3",
              "default": true
            }
          ],
          "store_path": "/nix/store/91w79z55qsjkhnbs3a21l3h27va98mf6-elixir-1.17.3"
        },
        "aarch64-linux": {
          "outputs": [
            {
              "name": "out",
              "path": "/nix/store/pz4hk0sp4zj76waaprlfdmvc4xdblz55-elixir-1.17.3",
              "default": true
            }
          ],
          "store_path": "/nix/store/pz4hk0sp4zj76waaprlfdmvc4xdblz55-elixir-1.17.3"
        },
        "x86_64-darwin": {
          "outputs": [
            {
              "name": "out",
              "path": "/nix/store/gnjg57wv71svvqw7s3rxyjc6lkps2r95-elixir-1.17.3",
              "default": true
            }
          ],
          "store_path": "/nix/store/gnjg57wv71svvqw7s3rxyjc6lkps2r95-elixir-1.17.3"
        },
        "x86_64-linux": {
          "outputs": [
            {
              "name": "out",
              "path": "/nix/store/rx7qr8bar4qldx6yg3njvm8hn84d3yyk-elixir-1.17.3",
              "default": true
            }
          ],
          "store_path": "/nix/store/rx7qr8bar4qldx6yg3njvm8hn84d3yyk-elixir-1.17.3"
        }
      }
    },
    "envchain@latest": {
      "last_modified": "2024-11-28T07:51:56Z",
      "resolved": "github:NixOS/nixpkgs/226216574ada4c3ecefcbbec41f39ce4655f78ef#envchain",
      "source": "devbox-search",
      "version": "1.1.0",
      "systems": {
        "aarch64-darwin": {
          "outputs": [
            {
              "name": "out",
              "path": "/nix/store/59hidq0l1dvfcvsv1k7d1sajv79by8gg-envchain-1.1.0",
              "default": true
            }
          ],
          "store_path": "/nix/store/59hidq0l1dvfcvsv1k7d1sajv79by8gg-envchain-1.1.0"
        },
        "aarch64-linux": {
          "outputs": [
            {
              "name": "out",
              "path": "/nix/store/r72m8lb0nk56wd768jpyszjsd5q05lgg-envchain-1.1.0",
              "default": true
            }
          ],
          "store_path": "/nix/store/r72m8lb0nk56wd768jpyszjsd5q05lgg-envchain-1.1.0"
        },
        "x86_64-darwin": {
          "outputs": [
            {
              "name": "out",
              "path": "/nix/store/4kvl8ydpwpkwdi75bf01w3nssg4d15v9-envchain-1.1.0",
              "default": true
            }
          ],
          "store_path": "/nix/store/4kvl8ydpwpkwdi75bf01w3nssg4d15v9-envchain-1.1.0"
        },
        "x86_64-linux": {
          "outputs": [
            {
              "name": "out",
              "path": "/nix/store/fdmmx634x97kflsds6bxlr4q7ydcacg3-envchain-1.1.0",
              "default": true
            }
          ],
          "store_path": "/nix/store/fdmmx634x97kflsds6bxlr4q7ydcacg3-envchain-1.1.0"
        }
      }
    },
    "erlang_27@latest": {
      "last_modified": "2024-11-28T07:51:56Z",
      "resolved": "github:NixOS/nixpkgs/226216574ada4c3ecefcbbec41f39ce4655f78ef#erlang_27",
      "source": "devbox-search",
      "version": "27.1.2",
      "systems": {
        "aarch64-darwin": {
          "outputs": [
            {
              "name": "out",
              "path": "/nix/store/20rzkxiib0vb5b40357dm52vi374p6nj-erlang-27.1.2",
              "default": true
            }
          ],
          "store_path": "/nix/store/20rzkxiib0vb5b40357dm52vi374p6nj-erlang-27.1.2"
        },
        "aarch64-linux": {
          "outputs": [
            {
              "name": "out",
              "path": "/nix/store/v6idw8k3hhcrfn2ylqvjy9ixz9ks7ldh-erlang-27.1.2",
              "default": true
            }
          ],
          "store_path": "/nix/store/v6idw8k3hhcrfn2ylqvjy9ixz9ks7ldh-erlang-27.1.2"
        },
        "x86_64-darwin": {
          "outputs": [
            {
              "name": "out",
              "path": "/nix/store/sfj0jzvqfpcgad7yv64hlvb58wgsprd3-erlang-27.1.2",
              "default": true
            }
          ],
          "store_path": "/nix/store/sfj0jzvqfpcgad7yv64hlvb58wgsprd3-erlang-27.1.2"
        },
        "x86_64-linux": {
          "outputs": [
            {
              "name": "out",
              "path": "/nix/store/fq29agv17p1gw44n8qc1ca2mybbs2h8a-erlang-27.1.2",
              "default": true
            }
          ],
          "store_path": "/nix/store/fq29agv17p1gw44n8qc1ca2mybbs2h8a-erlang-27.1.2"
        }
      }
    },
    "flyctl@latest": {
      "last_modified": "2024-11-28T07:51:56Z",
      "resolved": "github:NixOS/nixpkgs/226216574ada4c3ecefcbbec41f39ce4655f78ef#flyctl",
      "source": "devbox-search",
      "version": "0.3.40",
      "systems": {
        "aarch64-darwin": {
          "outputs": [
            {
              "name": "out",
              "path": "/nix/store/qlap27w8wjh793i17xfs4cd5nhn1jws6-flyctl-0.3.40",
              "default": true
            }
          ],
          "store_path": "/nix/store/qlap27w8wjh793i17xfs4cd5nhn1jws6-flyctl-0.3.40"
        },
        "aarch64-linux": {
          "outputs": [
            {
              "name": "out",
              "path": "/nix/store/hjbf21a4ia4nvv0izgnb6x8zl8n1dbl8-flyctl-0.3.40",
              "default": true
            }
          ],
          "store_path": "/nix/store/hjbf21a4ia4nvv0izgnb6x8zl8n1dbl8-flyctl-0.3.40"
        },
        "x86_64-darwin": {
          "outputs": [
            {
              "name": "out",
              "path": "/nix/store/j31afkhfq136g7axsir6rfk8rg8n4108-flyctl-0.3.40",
              "default": true
            }
          ],
          "store_path": "/nix/store/j31afkhfq136g7axsir6rfk8rg8n4108-flyctl-0.3.40"
        },
        "x86_64-linux": {
          "outputs": [
            {
              "name": "out",
              "path": "/nix/store/vyzx59hh1j32gcdqh6y648kgfqbs9cid-flyctl-0.3.40",
              "default": true
            }
          ],
          "store_path": "/nix/store/vyzx59hh1j32gcdqh6y648kgfqbs9cid-flyctl-0.3.40"
        }
      }
    },
    "nodePackages.npm@latest": {
      "last_modified": "2024-09-10T15:01:03Z",
      "resolved": "github:NixOS/nixpkgs/5ed627539ac84809c78b2dd6d26a5cebeb5ae269#nodePackages.npm",
      "source": "devbox-search",
      "version": "10.8.3",
      "systems": {
        "aarch64-darwin": {
          "outputs": [
            {
              "name": "out",
              "path": "/nix/store/d8iyr5aq1fs900ml37zqz0n1081642jp-npm-10.8.3",
              "default": true
            }
          ],
          "store_path": "/nix/store/d8iyr5aq1fs900ml37zqz0n1081642jp-npm-10.8.3"
        },
        "aarch64-linux": {
          "outputs": [
            {
              "name": "out",
              "path": "/nix/store/iy2pv3h924cf4mqbyz4a05hwq0da1jcj-npm-10.8.3",
              "default": true
            }
          ],
          "store_path": "/nix/store/iy2pv3h924cf4mqbyz4a05hwq0da1jcj-npm-10.8.3"
        },
        "x86_64-darwin": {
          "outputs": [
            {
              "name": "out",
              "path": "/nix/store/66mg53a857hmdc418dj6fyq28bdfa6pc-npm-10.8.3",
              "default": true
            }
          ],
          "store_path": "/nix/store/66mg53a857hmdc418dj6fyq28bdfa6pc-npm-10.8.3"
        },
        "x86_64-linux": {
          "outputs": [
            {
              "name": "out",
              "path": "/nix/store/91rs8y4165pm8gnh1xhc0hrhlnmbkvgy-npm-10.8.3",
              "default": true
            }
          ],
          "store_path": "/nix/store/91rs8y4165pm8gnh1xhc0hrhlnmbkvgy-npm-10.8.3"
        }
      }
    },
    "postgresql@latest": {
      "last_modified": "2024-12-03T12:40:06Z",
      "plugin_version": "0.0.2",
      "resolved": "github:NixOS/nixpkgs/566e53c2ad750c84f6d31f9ccb9d00f823165550#postgresql",
      "source": "devbox-search",
      "version": "16.5",
      "systems": {
        "aarch64-darwin": {
          "outputs": [
            {
              "name": "out",
              "path": "/nix/store/6l498xrh9z690js5zmd3p2ps0r00ri9p-postgresql-16.5",
              "default": true
            },
            {
              "name": "man",
              "path": "/nix/store/5yiw867cz810zi0z2yg5y794w2sy8kzq-postgresql-16.5-man",
              "default": true
            },
            {
              "name": "dev",
              "path": "/nix/store/9mc2nq9m18x0l7c1gyasp064cf2894vx-postgresql-16.5-dev"
            },
            {
              "name": "doc",
              "path": "/nix/store/lxqw2xsh0vm11rcz5wayhskb8w9wjlih-postgresql-16.5-doc"
            },
            {
              "name": "lib",
              "path": "/nix/store/c3a1ij8vyxv5fyg7qp6la2mn54jn84sn-postgresql-16.5-lib"
            }
          ],
          "store_path": "/nix/store/6l498xrh9z690js5zmd3p2ps0r00ri9p-postgresql-16.5"
        },
        "aarch64-linux": {
          "outputs": [
            {
              "name": "out",
              "path": "/nix/store/vjcavy1l0s1l0frjag900239cpmvj17f-postgresql-16.5",
              "default": true
            },
            {
              "name": "man",
              "path": "/nix/store/4l4a2044a6mb79sm46679ifappmj8vgc-postgresql-16.5-man",
              "default": true
            },
            {
              "name": "debug",
              "path": "/nix/store/zlw8cxkzf9a43mmplsp88dbjy8adbjkx-postgresql-16.5-debug"
            },
            {
              "name": "dev",
              "path": "/nix/store/8mbabq6zp86a1gm2nf109pa1dvgp8s02-postgresql-16.5-dev"
            },
            {
              "name": "doc",
              "path": "/nix/store/1sa3z90r6hrcfsd4hy4rxbwzbw6aa4p6-postgresql-16.5-doc"
            },
            {
              "name": "lib",
              "path": "/nix/store/gr06jpjpxzqkpyyhg1f7v9mmy1f9qzgp-postgresql-16.5-lib"
            }
          ],
          "store_path": "/nix/store/vjcavy1l0s1l0frjag900239cpmvj17f-postgresql-16.5"
        },
        "x86_64-darwin": {
          "outputs": [
            {
              "name": "out",
              "path": "/nix/store/808d9axcd5q934lsi3l5v3x8phks9wc4-postgresql-16.5",
              "default": true
            },
            {
              "name": "man",
              "path": "/nix/store/8njx7dcc3gj9j46cn5lfc8knd52hvl7k-postgresql-16.5-man",
              "default": true
            },
            {
              "name": "dev",
              "path": "/nix/store/pn22i14qpv3yxmaacd5yfcqxpqm3grlq-postgresql-16.5-dev"
            },
            {
              "name": "doc",
              "path": "/nix/store/kd05cfbhaiiihdx6kkrjdyrywgjzfnqj-postgresql-16.5-doc"
            },
            {
              "name": "lib",
              "path": "/nix/store/1gnp8q95nfjna56sllv66jbf6hshi6bd-postgresql-16.5-lib"
            }
          ],
          "store_path": "/nix/store/808d9axcd5q934lsi3l5v3x8phks9wc4-postgresql-16.5"
        },
        "x86_64-linux": {
          "outputs": [
            {
              "name": "out",
              "path": "/nix/store/0z5iwcvalafm3j2c5pfhllsfbxrbyzf4-postgresql-16.5",
              "default": true
            },
            {
              "name": "man",
              "path": "/nix/store/0q9yki1d9czy7i7mly8gy3ffjvc3hkqv-postgresql-16.5-man",
              "default": true
            },
            {
              "name": "debug",
              "path": "/nix/store/zvysixjns32iz6qlkr8s5b70cw50l0qy-postgresql-16.5-debug"
            },
            {
              "name": "dev",
              "path": "/nix/store/207n898zbi7mb5scjaf532v78c3rll9f-postgresql-16.5-dev"
            },
            {
              "name": "doc",
              "path": "/nix/store/7ip3havx020h3527y7cqdl8l39p3g67b-postgresql-16.5-doc"
            },
            {
              "name": "lib",
              "path": "/nix/store/qi2zbhdnzdci7i0a6g64mbkk8wnzznlh-postgresql-16.5-lib"
            }
          ],
          "store_path": "/nix/store/0z5iwcvalafm3j2c5pfhllsfbxrbyzf4-postgresql-16.5"
        }
      }
    }
  }
}
